{
  "version": 4,
  "terraform_version": "1.5.4",
  "serial": 43,
  "lineage": "2ec29f96-2e6f-0f46-100f-02d6e87fadb0",
  "outputs": {},
  "resources": [
    {
      "module": "module.myec2",
      "mode": "managed",
      "type": "aws_instance",
      "name": "tftestecmy_instance",
      "provider": "module.myec2.provider[\"registry.terraform.io/hashicorp/aws\"]",
      "instances": [
        {
          "schema_version": 1,
          "attributes": {
            "ami": "ami-0ded8326293d3201b",
            "arn": "arn:aws:ec2:ap-south-1:561486684266:instance/i-0ac2b19c835193237",
            "associate_public_ip_address": true,
            "availability_zone": "ap-south-1a",
            "capacity_reservation_specification": [
              {
                "capacity_reservation_preference": "open",
                "capacity_reservation_target": []
              }
            ],
            "cpu_core_count": 1,
            "cpu_options": [
              {
                "amd_sev_snp": "",
                "core_count": 1,
                "threads_per_core": 1
              }
            ],
            "cpu_threads_per_core": 1,
            "credit_specification": [
              {
                "cpu_credits": "standard"
              }
            ],
            "disable_api_stop": false,
            "disable_api_termination": false,
            "ebs_block_device": [],
            "ebs_optimized": false,
            "enclave_options": [
              {
                "enabled": false
              }
            ],
            "ephemeral_block_device": [],
            "get_password_data": false,
            "hibernation": false,
            "host_id": "",
            "host_resource_group_arn": null,
            "iam_instance_profile": "",
            "id": "i-0ac2b19c835193237",
            "instance_initiated_shutdown_behavior": "stop",
            "instance_lifecycle": "",
            "instance_market_options": [],
            "instance_state": "running",
            "instance_type": "t2.micro",
            "ipv6_address_count": 0,
            "ipv6_addresses": [],
            "key_name": "key-tf",
            "launch_template": [],
            "maintenance_options": [
              {
                "auto_recovery": "default"
              }
            ],
            "metadata_options": [
              {
                "http_endpoint": "enabled",
                "http_put_response_hop_limit": 2,
                "http_tokens": "required",
                "instance_metadata_tags": "disabled"
              }
            ],
            "monitoring": false,
            "network_interface": [],
            "outpost_arn": "",
            "password_data": "",
            "placement_group": "",
            "placement_partition_number": 0,
            "primary_network_interface_id": "eni-0609522961879c3dc",
            "private_dns": "ip-172-31-40-180.ap-south-1.compute.internal",
            "private_dns_name_options": [
              {
                "enable_resource_name_dns_a_record": false,
                "enable_resource_name_dns_aaaa_record": false,
                "hostname_type": "ip-name"
              }
            ],
            "private_ip": "172.31.40.180",
            "public_dns": "ec2-13-232-69-14.ap-south-1.compute.amazonaws.com",
            "public_ip": "13.232.69.14",
            "root_block_device": [
              {
                "delete_on_termination": true,
                "device_name": "/dev/xvda",
                "encrypted": false,
                "iops": 3000,
                "kms_key_id": "",
                "tags": {},
                "throughput": 125,
                "volume_id": "vol-02c3a63596b388010",
                "volume_size": 8,
                "volume_type": "gp3"
              }
            ],
            "secondary_private_ips": [],
            "security_groups": [
              "allow_tls"
            ],
            "source_dest_check": true,
            "spot_instance_request_id": "",
            "subnet_id": "subnet-0dc7eeb036fcd1be2",
            "tags": {
              "Name": "tfinstance1"
            },
            "tags_all": {
              "Name": "tfinstance1"
            },
            "tenancy": "default",
            "timeouts": null,
            "user_data": null,
            "user_data_base64": null,
            "user_data_replace_on_change": false,
            "volume_tags": null,
            "vpc_security_group_ids": [
              "sg-0fb0ded14f28fca7e"
            ]
          },
          "sensitive_attributes": [],
          "private": "eyJlMmJmYjczMC1lY2FhLTExZTYtOGY4OC0zNDM2M2JjN2M0YzAiOnsiY3JlYXRlIjo2MDAwMDAwMDAwMDAsImRlbGV0ZSI6MTIwMDAwMDAwMDAwMCwidXBkYXRlIjo2MDAwMDAwMDAwMDB9LCJzY2hlbWFfdmVyc2lvbiI6IjEifQ==",
          "dependencies": [
            "module.myec2.aws_key_pair.key-tf",
            "module.myec2.aws_security_group.allow_tls"
          ]
        }
      ]
    },
    {
      "module": "module.myec2",
      "mode": "managed",
      "type": "aws_key_pair",
      "name": "key-tf",
      "provider": "module.myec2.provider[\"registry.terraform.io/hashicorp/aws\"]",
      "instances": [
        {
          "schema_version": 1,
          "attributes": {
            "arn": "arn:aws:ec2:ap-south-1:561486684266:key-pair/key-tf",
            "fingerprint": "57:cf:3f:ba:5b:ba:30:5c:9f:f8:ac:45:07:30:93:f7",
            "id": "key-tf",
            "key_name": "key-tf",
            "key_name_prefix": "",
            "key_pair_id": "key-05d80eeedf722435b",
            "key_type": "rsa",
            "public_key": "ssh-rsa AAAAB3NzaC1yc2EAAAADAQABAAABgQDuZlxiNP0josTb3lgajPNCedOjuFvcCNNjsXnXZseiPGMm+KKJnHcgLQR1LPUCkE5BvkmD70oZEBB/0n0FbxKpAOQ0aj3uvvhV/GnkpRvYuENk6L+1yMc9xLlxUDl6T/v4rAbf+mqzsguvLOA9Qtpn5velhB1QYWfEsI5DIINJUfv/nIDfytvj8iVwomvee+GNljwsCJxnEMwm1cUSR9SckYIiFpUSso7bf0XBWJEV6VwvgYu3CLTwMRNfA1wS0mxVqcZ1hQ9AYVY9a6vUKn8M2ESyJfHpt+lmj1QwkPGPp6IZ2xkfo0WetZs8DpeSpmL4CgHnlRo3/DgL1El3xSkcmCqhKTLPl23f5/ZzUo/v/wOhES58nlAqlyAc69RQzF6O1NE/hUuhJ38R1dzTzG75gVC50B3po1RRc4czn1g9DRIKKKpaLZV3PdOZwsG7p0WknAT+oOndibstr2rdEZGDpoqRZB+JCFTqFutzr7LeEZGlNG7iVC7Byvx2iDZ49t0= root@ip-172-31-37-16.ap-south-1.compute.internal",
            "tags": {},
            "tags_all": {}
          },
          "sensitive_attributes": [],
          "private": "eyJzY2hlbWFfdmVyc2lvbiI6IjEifQ=="
        }
      ]
    },
    {
      "module": "module.myec2",
      "mode": "managed",
      "type": "aws_security_group",
      "name": "allow_tls",
      "provider": "module.myec2.provider[\"registry.terraform.io/hashicorp/aws\"]",
      "instances": [
        {
          "schema_version": 1,
          "attributes": {
            "arn": "arn:aws:ec2:ap-south-1:561486684266:security-group/sg-0fb0ded14f28fca7e",
            "description": "Allow TLS inbound traffic",
            "egress": [],
            "id": "sg-0fb0ded14f28fca7e",
            "ingress": [
              {
                "cidr_blocks": [
                  "0.0.0.0/0"
                ],
                "description": "TLS from VPC",
                "from_port": 22,
                "ipv6_cidr_blocks": [],
                "prefix_list_ids": [],
                "protocol": "tcp",
                "security_groups": [],
                "self": false,
                "to_port": 22
              },
              {
                "cidr_blocks": [
                  "0.0.0.0/0"
                ],
                "description": "TLS from VPC",
                "from_port": 80,
                "ipv6_cidr_blocks": [],
                "prefix_list_ids": [],
                "protocol": "tcp",
                "security_groups": [],
                "self": false,
                "to_port": 80
              }
            ],
            "name": "allow_tls",
            "name_prefix": "",
            "owner_id": "561486684266",
            "revoke_rules_on_delete": false,
            "tags": {
              "Name": "allow_tls"
            },
            "tags_all": {
              "Name": "allow_tls"
            },
            "timeouts": null,
            "vpc_id": "vpc-01e66226dbc7a22bb"
          },
          "sensitive_attributes": [],
          "private": "eyJlMmJmYjczMC1lY2FhLTExZTYtOGY4OC0zNDM2M2JjN2M0YzAiOnsiY3JlYXRlIjo2MDAwMDAwMDAwMDAsImRlbGV0ZSI6OTAwMDAwMDAwMDAwfSwic2NoZW1hX3ZlcnNpb24iOiIxIn0="
        }
      ]
    }
  ],
  "check_results": null
}
